{
  "name": "@papanasi/svelte",
  "version": "0.2.3-5",
  "lockfileVersion": 2,
  "requires": true,
  "packages": {
    "": {
      "name": "@papanasi/svelte",
      "version": "0.2.3-3",
      "dependencies": {
        "on-change": "^4.0.1"
      },
      "peerDependencies": {
        "svelte": "^3.x"
      }
    },
    "node_modules/on-change": {
      "version": "4.0.1",
      "resolved": "https://registry.npmjs.org/on-change/-/on-change-4.0.1.tgz",
      "integrity": "sha512-Gxmr/8NsLTigoUUEPvnAIUGl7uxwfC3Mm1G+qTmODEZcT4ZGfeaFyQgfGCdbKVS2pICIFYB82RH6MUHToPcS4Q==",
      "engines": {
        "node": "^12.20.0 || ^14.13.1 || >=16.0.0"
      },
      "funding": {
        "url": "https://github.com/sindresorhus/on-change?sponsor=1"
      }
    },
    "node_modules/svelte": {
      "version": "3.49.0",
      "resolved": "https://registry.npmjs.org/svelte/-/svelte-3.49.0.tgz",
      "integrity": "sha512-+lmjic1pApJWDfPCpUUTc1m8azDqYCG1JN9YEngrx/hUyIcFJo6VZhj0A1Ai0wqoHcEIuQy+e9tk+4uDgdtsFA==",
      "peer": true,
      "engines": {
        "node": ">= 8"
      }
    }
  },
  "dependencies": {
    "on-change": {
      "version": "4.0.1",
      "resolved": "https://registry.npmjs.org/on-change/-/on-change-4.0.1.tgz",
      "integrity": "sha512-Gxmr/8NsLTigoUUEPvnAIUGl7uxwfC3Mm1G+qTmODEZcT4ZGfeaFyQgfGCdbKVS2pICIFYB82RH6MUHToPcS4Q=="
    },
    "svelte": {
      "version": "3.49.0",
      "resolved": "https://registry.npmjs.org/svelte/-/svelte-3.49.0.tgz",
      "integrity": "sha512-+lmjic1pApJWDfPCpUUTc1m8azDqYCG1JN9YEngrx/hUyIcFJo6VZhj0A1Ai0wqoHcEIuQy+e9tk+4uDgdtsFA==",
      "peer": true
    }
  }
}
