# THIS IS AN AUTOGENERATED FILE. DO NOT EDIT THIS FILE DIRECTLY.
# yarn lockfile v1


"@angular/core@^13.3.10":
  version "13.3.10"
  resolved "https://registry.yarnpkg.com/@angular/core/-/core-13.3.10.tgz#884a69ab8ce8fb286fa0042ee2911faa4919bcfe"
  integrity sha512-7jH1a5wZdE6Ki2Dow7s6v1/5SfUcXsjAu3n523QSDlM078QG0p95npcqPseO9mNftG9MfRqBE7sl1Nb+ZK7eBg==
  dependencies:
    tslib "^2.3.0"

tslib@^2.3.0:
  version "2.4.0"
  resolved "https://registry.yarnpkg.com/tslib/-/tslib-2.4.0.tgz#7cecaa7f073ce680a05847aa77be941098f36dc3"
  integrity sha512-d6xOpEDfsi2CZVlPQzGeux8XMwLT9hssAsaPYExaQMuYskwb+x1x7J371tWlbBdWHroy99KnVB6qIkUbs5X3UQ==
