# THIS IS AN AUTOGENERATED FILE. DO NOT EDIT THIS FILE DIRECTLY.
# yarn lockfile v1


"@preact/signals-core@^1.2.0":
  version "1.2.0"
  resolved "https://registry.yarnpkg.com/@preact/signals-core/-/signals-core-1.2.0.tgz#14721e8fea7dc687f40eced1bb62bbefdeadb30d"
  integrity sha512-GBjq/8WJkh/aenrEMvWIOr1lRfu6nb25er0m6r+4qVqKC85mXAYIbGHnoHTooNXCKxn2KEMUrATvN54MdMHE1A==

"@preact/signals-react@^1.1.0":
  version "1.1.0"
  resolved "https://registry.yarnpkg.com/@preact/signals-react/-/signals-react-1.1.0.tgz#276ad42baea0687e22ab1638807d83b8d44b249c"
  integrity sha512-2EY5F9qxeCmm9pFsyw0/HHxbADm0sKh6rMpvpiZiaDsTmpJFW3FmKE7bPsUP7bqhmQTSrboN9RHrjpE4seGqIA==
  dependencies:
    "@preact/signals-core" "^1.2.0"
